
Microsoft Visual Studio Solution File, Format Version 12.00
# Visual Studio Version 16
VisualStudioVersion = 16.0.30804.86
MinimumVisualStudioVersion = 10.0.40219.1
Project("{2150E333-8FDC-42A3-9474-1A3956D46DE8}") = "1 - Abstract Factory", "1 - Abstract Factory", "{259D2A61-BE93-4FAD-B56B-F2D2A5D69485}"
EndProject
Project("{9A19103F-16F7-4668-BE54-9A1E7A4F7556}") = "AbstractFactory", "AbstractFactory\AbstractFactory.csproj", "{02F542DB-1FD7-4297-A5E1-D55CBD869EE7}"
EndProject
Project("{2150E333-8FDC-42A3-9474-1A3956D46DE8}") = "2 - FactoryMethod", "2 - FactoryMethod", "{600FD0D4-D8EE-400D-A9B3-61F6EB3D614B}"
EndProject
Project("{9A19103F-16F7-4668-BE54-9A1E7A4F7556}") = "FactoryMethod", "FactoryMethod\FactoryMethod.csproj", "{131BFCAC-1E0A-4368-8866-4F3CEAC9E1FA}"
EndProject
Project("{2150E333-8FDC-42A3-9474-1A3956D46DE8}") = "3 - Facade", "3 - Facade", "{D2BEFCBE-7059-465E-B297-93A9068BC6E6}"
EndProject
Project("{9A19103F-16F7-4668-BE54-9A1E7A4F7556}") = "Facade", "Facade\Facade.csproj", "{AEC73952-0E1B-4E5B-9CC7-275D5E049762}"
EndProject
Project("{2150E333-8FDC-42A3-9474-1A3956D46DE8}") = "4 - Adapter", "4 - Adapter", "{8A93EA9B-240A-4B19-8B73-3A0F9C7C2259}"
EndProject
Project("{9A19103F-16F7-4668-BE54-9A1E7A4F7556}") = "Adapter", "Adapter\Adapter.csproj", "{621F2CEA-4476-4901-93C7-8CB35A8CC7E3}"
EndProject
Project("{2150E333-8FDC-42A3-9474-1A3956D46DE8}") = "5 - Iterator", "5 - Iterator", "{10378511-48CE-4541-8855-8142C1EB52FB}"
EndProject
Project("{9A19103F-16F7-4668-BE54-9A1E7A4F7556}") = "Iterator", "Iterator\Iterator.csproj", "{DAE07E48-77FB-4F02-B630-6AD15FC04F04}"
EndProject
Project("{2150E333-8FDC-42A3-9474-1A3956D46DE8}") = "6 - Observer", "6 - Observer", "{F6CB7D05-71B7-4567-A2F9-1370A64FA475}"
EndProject
Project("{9A19103F-16F7-4668-BE54-9A1E7A4F7556}") = "Observer", "Observer\Observer.csproj", "{02E1FDDE-0593-4151-9F3E-EE09D62AB57B}"
EndProject
Project("{2150E333-8FDC-42A3-9474-1A3956D46DE8}") = "7 - Strategy", "7 - Strategy", "{EBDB90C5-EA37-4A11-B2DF-1C9C97B6C918}"
EndProject
Project("{9A19103F-16F7-4668-BE54-9A1E7A4F7556}") = "Strategy", "Strategy\Strategy.csproj", "{086A5B76-FC9B-4AB1-AC93-EDC2D9912EDD}"
EndProject
Project("{2150E333-8FDC-42A3-9474-1A3956D46DE8}") = "8 - Command", "8 - Command", "{ECDD41F2-6782-4891-B719-D82C41A0084F}"
EndProject
Project("{9A19103F-16F7-4668-BE54-9A1E7A4F7556}") = "Command", "Command\Command.csproj", "{CC71D5C0-F73C-4697-A9C1-3BE87B053FE5}"
EndProject
Project("{2150E333-8FDC-42A3-9474-1A3956D46DE8}") = "9 - Mediator", "9 - Mediator", "{A8500361-8CBC-4215-9E25-53D83A6F8297}"
EndProject
Project("{FAE04EC0-301F-11D3-BF4B-00C04F79EFBC}") = "Mediator", "Mediator\Mediator.csproj", "{1F3EEAF1-546E-4901-9201-E2F376DFFC64}"
EndProject
Global
	GlobalSection(SolutionConfigurationPlatforms) = preSolution
		Debug|Any CPU = Debug|Any CPU
		Release|Any CPU = Release|Any CPU
	EndGlobalSection
	GlobalSection(ProjectConfigurationPlatforms) = postSolution
		{02F542DB-1FD7-4297-A5E1-D55CBD869EE7}.Debug|Any CPU.ActiveCfg = Debug|Any CPU
		{02F542DB-1FD7-4297-A5E1-D55CBD869EE7}.Debug|Any CPU.Build.0 = Debug|Any CPU
		{02F542DB-1FD7-4297-A5E1-D55CBD869EE7}.Release|Any CPU.ActiveCfg = Release|Any CPU
		{02F542DB-1FD7-4297-A5E1-D55CBD869EE7}.Release|Any CPU.Build.0 = Release|Any CPU
		{131BFCAC-1E0A-4368-8866-4F3CEAC9E1FA}.Debug|Any CPU.ActiveCfg = Debug|Any CPU
		{131BFCAC-1E0A-4368-8866-4F3CEAC9E1FA}.Debug|Any CPU.Build.0 = Debug|Any CPU
		{131BFCAC-1E0A-4368-8866-4F3CEAC9E1FA}.Release|Any CPU.ActiveCfg = Release|Any CPU
		{131BFCAC-1E0A-4368-8866-4F3CEAC9E1FA}.Release|Any CPU.Build.0 = Release|Any CPU
		{AEC73952-0E1B-4E5B-9CC7-275D5E049762}.Debug|Any CPU.ActiveCfg = Debug|Any CPU
		{AEC73952-0E1B-4E5B-9CC7-275D5E049762}.Debug|Any CPU.Build.0 = Debug|Any CPU
		{AEC73952-0E1B-4E5B-9CC7-275D5E049762}.Release|Any CPU.ActiveCfg = Release|Any CPU
		{AEC73952-0E1B-4E5B-9CC7-275D5E049762}.Release|Any CPU.Build.0 = Release|Any CPU
		{621F2CEA-4476-4901-93C7-8CB35A8CC7E3}.Debug|Any CPU.ActiveCfg = Debug|Any CPU
		{621F2CEA-4476-4901-93C7-8CB35A8CC7E3}.Debug|Any CPU.Build.0 = Debug|Any CPU
		{621F2CEA-4476-4901-93C7-8CB35A8CC7E3}.Release|Any CPU.ActiveCfg = Release|Any CPU
		{621F2CEA-4476-4901-93C7-8CB35A8CC7E3}.Release|Any CPU.Build.0 = Release|Any CPU
		{DAE07E48-77FB-4F02-B630-6AD15FC04F04}.Debug|Any CPU.ActiveCfg = Debug|Any CPU
		{DAE07E48-77FB-4F02-B630-6AD15FC04F04}.Debug|Any CPU.Build.0 = Debug|Any CPU
		{DAE07E48-77FB-4F02-B630-6AD15FC04F04}.Release|Any CPU.ActiveCfg = Release|Any CPU
		{DAE07E48-77FB-4F02-B630-6AD15FC04F04}.Release|Any CPU.Build.0 = Release|Any CPU
		{02E1FDDE-0593-4151-9F3E-EE09D62AB57B}.Debug|Any CPU.ActiveCfg = Debug|Any CPU
		{02E1FDDE-0593-4151-9F3E-EE09D62AB57B}.Debug|Any CPU.Build.0 = Debug|Any CPU
		{02E1FDDE-0593-4151-9F3E-EE09D62AB57B}.Release|Any CPU.ActiveCfg = Release|Any CPU
		{02E1FDDE-0593-4151-9F3E-EE09D62AB57B}.Release|Any CPU.Build.0 = Release|Any CPU
		{086A5B76-FC9B-4AB1-AC93-EDC2D9912EDD}.Debug|Any CPU.ActiveCfg = Debug|Any CPU
		{086A5B76-FC9B-4AB1-AC93-EDC2D9912EDD}.Debug|Any CPU.Build.0 = Debug|Any CPU
		{086A5B76-FC9B-4AB1-AC93-EDC2D9912EDD}.Release|Any CPU.ActiveCfg = Release|Any CPU
		{086A5B76-FC9B-4AB1-AC93-EDC2D9912EDD}.Release|Any CPU.Build.0 = Release|Any CPU
		{CC71D5C0-F73C-4697-A9C1-3BE87B053FE5}.Debug|Any CPU.ActiveCfg = Debug|Any CPU
		{CC71D5C0-F73C-4697-A9C1-3BE87B053FE5}.Debug|Any CPU.Build.0 = Debug|Any CPU
		{CC71D5C0-F73C-4697-A9C1-3BE87B053FE5}.Release|Any CPU.ActiveCfg = Release|Any CPU
		{CC71D5C0-F73C-4697-A9C1-3BE87B053FE5}.Release|Any CPU.Build.0 = Release|Any CPU
		{1F3EEAF1-546E-4901-9201-E2F376DFFC64}.Debug|Any CPU.ActiveCfg = Debug|Any CPU
		{1F3EEAF1-546E-4901-9201-E2F376DFFC64}.Debug|Any CPU.Build.0 = Debug|Any CPU
		{1F3EEAF1-546E-4901-9201-E2F376DFFC64}.Release|Any CPU.ActiveCfg = Release|Any CPU
		{1F3EEAF1-546E-4901-9201-E2F376DFFC64}.Release|Any CPU.Build.0 = Release|Any CPU
	EndGlobalSection
	GlobalSection(SolutionProperties) = preSolution
		HideSolutionNode = FALSE
	EndGlobalSection
	GlobalSection(NestedProjects) = preSolution
		{02F542DB-1FD7-4297-A5E1-D55CBD869EE7} = {259D2A61-BE93-4FAD-B56B-F2D2A5D69485}
		{131BFCAC-1E0A-4368-8866-4F3CEAC9E1FA} = {600FD0D4-D8EE-400D-A9B3-61F6EB3D614B}
		{AEC73952-0E1B-4E5B-9CC7-275D5E049762} = {D2BEFCBE-7059-465E-B297-93A9068BC6E6}
		{621F2CEA-4476-4901-93C7-8CB35A8CC7E3} = {8A93EA9B-240A-4B19-8B73-3A0F9C7C2259}
		{DAE07E48-77FB-4F02-B630-6AD15FC04F04} = {10378511-48CE-4541-8855-8142C1EB52FB}
		{02E1FDDE-0593-4151-9F3E-EE09D62AB57B} = {F6CB7D05-71B7-4567-A2F9-1370A64FA475}
		{086A5B76-FC9B-4AB1-AC93-EDC2D9912EDD} = {EBDB90C5-EA37-4A11-B2DF-1C9C97B6C918}
		{CC71D5C0-F73C-4697-A9C1-3BE87B053FE5} = {ECDD41F2-6782-4891-B719-D82C41A0084F}
		{1F3EEAF1-546E-4901-9201-E2F376DFFC64} = {A8500361-8CBC-4215-9E25-53D83A6F8297}
	EndGlobalSection
	GlobalSection(ExtensibilityGlobals) = postSolution
		SolutionGuid = {480316F0-DDB2-4739-9634-1F32041BD68B}
	EndGlobalSection
EndGlobal
