
Microsoft Visual Studio Solution File, Format Version 12.00
# Visual Studio Version 16
VisualStudioVersion = 16.0.30711.63
MinimumVisualStudioVersion = 10.0.40219.1
Project("{2150E333-8FDC-42A3-9474-1A3956D46DE8}") = "1 - SRP", "1 - SRP", "{920F4163-FA8C-4457-8879-A84959DFE844}"
EndProject
Project("{2150E333-8FDC-42A3-9474-1A3956D46DE8}") = "2 - OCP", "2 - OCP", "{25E4CD7E-7DF4-4B8A-8797-E84040E0C14B}"
EndProject
Project("{2150E333-8FDC-42A3-9474-1A3956D46DE8}") = "3 - LSP", "3 - LSP", "{EBEB5963-3638-4BE6-A86F-F2B271753CD7}"
EndProject
Project("{2150E333-8FDC-42A3-9474-1A3956D46DE8}") = "4 - ISP", "4 - ISP", "{508F903B-B387-4232-898F-52CCA4B6F33E}"
EndProject
Project("{2150E333-8FDC-42A3-9474-1A3956D46DE8}") = "5 - DIP", "5 - DIP", "{737D87E4-603C-4506-AC03-E129A21D2D9F}"
EndProject
Project("{2150E333-8FDC-42A3-9474-1A3956D46DE8}") = "Bad", "Bad", "{984C7349-DA9D-4E28-8A16-7AC498C19BED}"
EndProject
Project("{2150E333-8FDC-42A3-9474-1A3956D46DE8}") = "Good", "Good", "{1602E515-5B3C-4A8C-A235-C83AF10AB1C9}"
EndProject
Project("{2150E333-8FDC-42A3-9474-1A3956D46DE8}") = "Bad", "Bad", "{DF7D4E5F-1728-4CA8-8F86-2069D21C6D2D}"
EndProject
Project("{2150E333-8FDC-42A3-9474-1A3956D46DE8}") = "Good", "Good", "{1FED5587-993F-4B4B-9026-B8DCB2348632}"
EndProject
Project("{2150E333-8FDC-42A3-9474-1A3956D46DE8}") = "Bad", "Bad", "{C9EDAFDB-33E0-4389-91FB-CD004A8F559B}"
EndProject
Project("{2150E333-8FDC-42A3-9474-1A3956D46DE8}") = "Good", "Good", "{843E54D0-77BF-4320-9C40-79F8BB6418E5}"
EndProject
Project("{2150E333-8FDC-42A3-9474-1A3956D46DE8}") = "Good", "Good", "{0EBD314B-6861-491F-A7FA-9B8137CBAC63}"
EndProject
Project("{2150E333-8FDC-42A3-9474-1A3956D46DE8}") = "Good", "Good", "{8596C8C6-3E98-4C6A-A61A-8209EEEFAFC0}"
EndProject
Project("{2150E333-8FDC-42A3-9474-1A3956D46DE8}") = "Bad", "Bad", "{F744A993-9B98-4D15-B3AF-7054DF8E19F9}"
EndProject
Project("{2150E333-8FDC-42A3-9474-1A3956D46DE8}") = "Bad", "Bad", "{F0B11981-4073-48D0-8373-DD2E7C5F7693}"
EndProject
Project("{9A19103F-16F7-4668-BE54-9A1E7A4F7556}") = "SRP", "SRP\SRP.csproj", "{D740CAC7-5A33-4D0D-A8F0-2B2C41E60F11}"
EndProject
Project("{9A19103F-16F7-4668-BE54-9A1E7A4F7556}") = "SRP_GOOD", "SRP_GOOD\SRP_GOOD.csproj", "{C7FC3262-5B7A-494F-8FB2-9F377EEA9788}"
EndProject
Project("{9A19103F-16F7-4668-BE54-9A1E7A4F7556}") = "OCP", "OCP\OCP.csproj", "{F58C93A7-BBEF-425E-81E7-91394E75E3C8}"
EndProject
Project("{9A19103F-16F7-4668-BE54-9A1E7A4F7556}") = "OCP_GOOD", "OCP_GOOD\OCP_GOOD.csproj", "{FF680FDF-8BE0-4331-BA86-B6A3D36A3356}"
EndProject
Project("{9A19103F-16F7-4668-BE54-9A1E7A4F7556}") = "LSP", "LSP\LSP.csproj", "{0E4038EA-DEBE-48F0-BB6C-3A2011FE4166}"
EndProject
Project("{9A19103F-16F7-4668-BE54-9A1E7A4F7556}") = "LSP_GOOD", "LSP_GOOD\LSP_GOOD.csproj", "{455A8560-7D80-4891-B88F-4D2CF01B43DF}"
EndProject
Project("{FAE04EC0-301F-11D3-BF4B-00C04F79EFBC}") = "ISP", "ISP\ISP.csproj", "{AE867B3D-7AB4-4DE4-8527-33F7645E4662}"
EndProject
Project("{FAE04EC0-301F-11D3-BF4B-00C04F79EFBC}") = "DIP", "DIP\DIP.csproj", "{57876AC5-EF26-4B85-B01A-35A65C0BA3FA}"
EndProject
Project("{FAE04EC0-301F-11D3-BF4B-00C04F79EFBC}") = "DIP_GOOD", "DIP_GOOD\DIP_GOOD.csproj", "{297F179B-9357-4759-A4D6-511697896658}"
EndProject
Global
	GlobalSection(SolutionConfigurationPlatforms) = preSolution
		Debug|Any CPU = Debug|Any CPU
		Release|Any CPU = Release|Any CPU
	EndGlobalSection
	GlobalSection(ProjectConfigurationPlatforms) = postSolution
		{D740CAC7-5A33-4D0D-A8F0-2B2C41E60F11}.Debug|Any CPU.ActiveCfg = Debug|Any CPU
		{D740CAC7-5A33-4D0D-A8F0-2B2C41E60F11}.Debug|Any CPU.Build.0 = Debug|Any CPU
		{D740CAC7-5A33-4D0D-A8F0-2B2C41E60F11}.Release|Any CPU.ActiveCfg = Release|Any CPU
		{D740CAC7-5A33-4D0D-A8F0-2B2C41E60F11}.Release|Any CPU.Build.0 = Release|Any CPU
		{C7FC3262-5B7A-494F-8FB2-9F377EEA9788}.Debug|Any CPU.ActiveCfg = Debug|Any CPU
		{C7FC3262-5B7A-494F-8FB2-9F377EEA9788}.Debug|Any CPU.Build.0 = Debug|Any CPU
		{C7FC3262-5B7A-494F-8FB2-9F377EEA9788}.Release|Any CPU.ActiveCfg = Release|Any CPU
		{C7FC3262-5B7A-494F-8FB2-9F377EEA9788}.Release|Any CPU.Build.0 = Release|Any CPU
		{F58C93A7-BBEF-425E-81E7-91394E75E3C8}.Debug|Any CPU.ActiveCfg = Debug|Any CPU
		{F58C93A7-BBEF-425E-81E7-91394E75E3C8}.Debug|Any CPU.Build.0 = Debug|Any CPU
		{F58C93A7-BBEF-425E-81E7-91394E75E3C8}.Release|Any CPU.ActiveCfg = Release|Any CPU
		{F58C93A7-BBEF-425E-81E7-91394E75E3C8}.Release|Any CPU.Build.0 = Release|Any CPU
		{FF680FDF-8BE0-4331-BA86-B6A3D36A3356}.Debug|Any CPU.ActiveCfg = Debug|Any CPU
		{FF680FDF-8BE0-4331-BA86-B6A3D36A3356}.Debug|Any CPU.Build.0 = Debug|Any CPU
		{FF680FDF-8BE0-4331-BA86-B6A3D36A3356}.Release|Any CPU.ActiveCfg = Release|Any CPU
		{FF680FDF-8BE0-4331-BA86-B6A3D36A3356}.Release|Any CPU.Build.0 = Release|Any CPU
		{0E4038EA-DEBE-48F0-BB6C-3A2011FE4166}.Debug|Any CPU.ActiveCfg = Debug|Any CPU
		{0E4038EA-DEBE-48F0-BB6C-3A2011FE4166}.Debug|Any CPU.Build.0 = Debug|Any CPU
		{0E4038EA-DEBE-48F0-BB6C-3A2011FE4166}.Release|Any CPU.ActiveCfg = Release|Any CPU
		{0E4038EA-DEBE-48F0-BB6C-3A2011FE4166}.Release|Any CPU.Build.0 = Release|Any CPU
		{455A8560-7D80-4891-B88F-4D2CF01B43DF}.Debug|Any CPU.ActiveCfg = Debug|Any CPU
		{455A8560-7D80-4891-B88F-4D2CF01B43DF}.Debug|Any CPU.Build.0 = Debug|Any CPU
		{455A8560-7D80-4891-B88F-4D2CF01B43DF}.Release|Any CPU.ActiveCfg = Release|Any CPU
		{455A8560-7D80-4891-B88F-4D2CF01B43DF}.Release|Any CPU.Build.0 = Release|Any CPU
		{AE867B3D-7AB4-4DE4-8527-33F7645E4662}.Debug|Any CPU.ActiveCfg = Debug|Any CPU
		{AE867B3D-7AB4-4DE4-8527-33F7645E4662}.Debug|Any CPU.Build.0 = Debug|Any CPU
		{AE867B3D-7AB4-4DE4-8527-33F7645E4662}.Release|Any CPU.ActiveCfg = Release|Any CPU
		{AE867B3D-7AB4-4DE4-8527-33F7645E4662}.Release|Any CPU.Build.0 = Release|Any CPU
		{57876AC5-EF26-4B85-B01A-35A65C0BA3FA}.Debug|Any CPU.ActiveCfg = Debug|Any CPU
		{57876AC5-EF26-4B85-B01A-35A65C0BA3FA}.Debug|Any CPU.Build.0 = Debug|Any CPU
		{57876AC5-EF26-4B85-B01A-35A65C0BA3FA}.Release|Any CPU.ActiveCfg = Release|Any CPU
		{57876AC5-EF26-4B85-B01A-35A65C0BA3FA}.Release|Any CPU.Build.0 = Release|Any CPU
		{297F179B-9357-4759-A4D6-511697896658}.Debug|Any CPU.ActiveCfg = Debug|Any CPU
		{297F179B-9357-4759-A4D6-511697896658}.Debug|Any CPU.Build.0 = Debug|Any CPU
		{297F179B-9357-4759-A4D6-511697896658}.Release|Any CPU.ActiveCfg = Release|Any CPU
		{297F179B-9357-4759-A4D6-511697896658}.Release|Any CPU.Build.0 = Release|Any CPU
	EndGlobalSection
	GlobalSection(SolutionProperties) = preSolution
		HideSolutionNode = FALSE
	EndGlobalSection
	GlobalSection(NestedProjects) = preSolution
		{984C7349-DA9D-4E28-8A16-7AC498C19BED} = {920F4163-FA8C-4457-8879-A84959DFE844}
		{1602E515-5B3C-4A8C-A235-C83AF10AB1C9} = {920F4163-FA8C-4457-8879-A84959DFE844}
		{DF7D4E5F-1728-4CA8-8F86-2069D21C6D2D} = {25E4CD7E-7DF4-4B8A-8797-E84040E0C14B}
		{1FED5587-993F-4B4B-9026-B8DCB2348632} = {25E4CD7E-7DF4-4B8A-8797-E84040E0C14B}
		{C9EDAFDB-33E0-4389-91FB-CD004A8F559B} = {EBEB5963-3638-4BE6-A86F-F2B271753CD7}
		{843E54D0-77BF-4320-9C40-79F8BB6418E5} = {EBEB5963-3638-4BE6-A86F-F2B271753CD7}
		{0EBD314B-6861-491F-A7FA-9B8137CBAC63} = {508F903B-B387-4232-898F-52CCA4B6F33E}
		{8596C8C6-3E98-4C6A-A61A-8209EEEFAFC0} = {737D87E4-603C-4506-AC03-E129A21D2D9F}
		{F744A993-9B98-4D15-B3AF-7054DF8E19F9} = {508F903B-B387-4232-898F-52CCA4B6F33E}
		{F0B11981-4073-48D0-8373-DD2E7C5F7693} = {737D87E4-603C-4506-AC03-E129A21D2D9F}
		{D740CAC7-5A33-4D0D-A8F0-2B2C41E60F11} = {984C7349-DA9D-4E28-8A16-7AC498C19BED}
		{C7FC3262-5B7A-494F-8FB2-9F377EEA9788} = {1602E515-5B3C-4A8C-A235-C83AF10AB1C9}
		{F58C93A7-BBEF-425E-81E7-91394E75E3C8} = {DF7D4E5F-1728-4CA8-8F86-2069D21C6D2D}
		{FF680FDF-8BE0-4331-BA86-B6A3D36A3356} = {1FED5587-993F-4B4B-9026-B8DCB2348632}
		{0E4038EA-DEBE-48F0-BB6C-3A2011FE4166} = {C9EDAFDB-33E0-4389-91FB-CD004A8F559B}
		{455A8560-7D80-4891-B88F-4D2CF01B43DF} = {843E54D0-77BF-4320-9C40-79F8BB6418E5}
		{AE867B3D-7AB4-4DE4-8527-33F7645E4662} = {F744A993-9B98-4D15-B3AF-7054DF8E19F9}
		{57876AC5-EF26-4B85-B01A-35A65C0BA3FA} = {F0B11981-4073-48D0-8373-DD2E7C5F7693}
		{297F179B-9357-4759-A4D6-511697896658} = {8596C8C6-3E98-4C6A-A61A-8209EEEFAFC0}
	EndGlobalSection
	GlobalSection(ExtensibilityGlobals) = postSolution
		SolutionGuid = {A33C8187-DABE-45F6-BE6C-813CF80B1647}
	EndGlobalSection
EndGlobal
