
Microsoft Visual Studio Solution File, Format Version 12.00
# Visual Studio Version 16
VisualStudioVersion = 16.0.30804.86
MinimumVisualStudioVersion = 10.0.40219.1
Project("{FAE04EC0-301F-11D3-BF4B-00C04F79EFBC}") = "ViewComponentDemo", "ViewComponentDemo\ViewComponentDemo.csproj", "{0FC05DAD-9FEE-4965-8F39-328A9574A300}"
EndProject
Global
	GlobalSection(SolutionConfigurationPlatforms) = preSolution
		Debug|Any CPU = Debug|Any CPU
		Release|Any CPU = Release|Any CPU
	EndGlobalSection
	GlobalSection(ProjectConfigurationPlatforms) = postSolution
		{0FC05DAD-9FEE-4965-8F39-328A9574A300}.Debug|Any CPU.ActiveCfg = Debug|Any CPU
		{0FC05DAD-9FEE-4965-8F39-328A9574A300}.Debug|Any CPU.Build.0 = Debug|Any CPU
		{0FC05DAD-9FEE-4965-8F39-328A9574A300}.Release|Any CPU.ActiveCfg = Release|Any CPU
		{0FC05DAD-9FEE-4965-8F39-328A9574A300}.Release|Any CPU.Build.0 = Release|Any CPU
	EndGlobalSection
	GlobalSection(SolutionProperties) = preSolution
		HideSolutionNode = FALSE
	EndGlobalSection
	GlobalSection(ExtensibilityGlobals) = postSolution
		SolutionGuid = {A9137111-2339-4529-B042-D4DAF3CAA0E5}
	EndGlobalSection
EndGlobal
