
Microsoft Visual Studio Solution File, Format Version 12.00
# Visual Studio Version 16
VisualStudioVersion = 16.0.30711.63
MinimumVisualStudioVersion = 10.0.40219.1
Project("{FAE04EC0-301F-11D3-BF4B-00C04F79EFBC}") = "Md5", "Md5\Md5.csproj", "{AD428623-1DDB-4C90-BD40-F2F8E4E9399E}"
EndProject
Global
	GlobalSection(SolutionConfigurationPlatforms) = preSolution
		Debug|Any CPU = Debug|Any CPU
		Release|Any CPU = Release|Any CPU
	EndGlobalSection
	GlobalSection(ProjectConfigurationPlatforms) = postSolution
		{AD428623-1DDB-4C90-BD40-F2F8E4E9399E}.Debug|Any CPU.ActiveCfg = Debug|Any CPU
		{AD428623-1DDB-4C90-BD40-F2F8E4E9399E}.Debug|Any CPU.Build.0 = Debug|Any CPU
		{AD428623-1DDB-4C90-BD40-F2F8E4E9399E}.Release|Any CPU.ActiveCfg = Release|Any CPU
		{AD428623-1DDB-4C90-BD40-F2F8E4E9399E}.Release|Any CPU.Build.0 = Release|Any CPU
	EndGlobalSection
	GlobalSection(SolutionProperties) = preSolution
		HideSolutionNode = FALSE
	EndGlobalSection
	GlobalSection(ExtensibilityGlobals) = postSolution
		SolutionGuid = {ECF10A12-F1C5-467C-B23A-D5BA63F5ECB4}
	EndGlobalSection
EndGlobal
