
Microsoft Visual Studio Solution File, Format Version 12.00
# Visual Studio Version 16
VisualStudioVersion = 16.0.29920.165
MinimumVisualStudioVersion = 10.0.40219.1
Project("{FAE04EC0-301F-11D3-BF4B-00C04F79EFBC}") = "TagHelperDemo", "TagHelperDemo\TagHelperDemo.csproj", "{38C16B88-CBCE-4AC6-8EDD-5DB5F3B78736}"
EndProject
Global
	GlobalSection(SolutionConfigurationPlatforms) = preSolution
		Debug|Any CPU = Debug|Any CPU
		Release|Any CPU = Release|Any CPU
	EndGlobalSection
	GlobalSection(ProjectConfigurationPlatforms) = postSolution
		{38C16B88-CBCE-4AC6-8EDD-5DB5F3B78736}.Debug|Any CPU.ActiveCfg = Debug|Any CPU
		{38C16B88-CBCE-4AC6-8EDD-5DB5F3B78736}.Debug|Any CPU.Build.0 = Debug|Any CPU
		{38C16B88-CBCE-4AC6-8EDD-5DB5F3B78736}.Release|Any CPU.ActiveCfg = Release|Any CPU
		{38C16B88-CBCE-4AC6-8EDD-5DB5F3B78736}.Release|Any CPU.Build.0 = Release|Any CPU
	EndGlobalSection
	GlobalSection(SolutionProperties) = preSolution
		HideSolutionNode = FALSE
	EndGlobalSection
	GlobalSection(ExtensibilityGlobals) = postSolution
		SolutionGuid = {00E7CF6C-07D4-4015-AB37-C5FDE2C2AF70}
	EndGlobalSection
EndGlobal
