
Microsoft Visual Studio Solution File, Format Version 12.00
# Visual Studio Version 16
VisualStudioVersion = 16.0.31424.327
MinimumVisualStudioVersion = 10.0.40219.1
Project("{FAE04EC0-301F-11D3-BF4B-00C04F79EFBC}") = "Record", "Record\Record.csproj", "{B608B7F4-2651-48C5-8F83-AA97600444C4}"
EndProject
Global
	GlobalSection(SolutionConfigurationPlatforms) = preSolution
		Debug|Any CPU = Debug|Any CPU
		Release|Any CPU = Release|Any CPU
	EndGlobalSection
	GlobalSection(ProjectConfigurationPlatforms) = postSolution
		{B608B7F4-2651-48C5-8F83-AA97600444C4}.Debug|Any CPU.ActiveCfg = Debug|Any CPU
		{B608B7F4-2651-48C5-8F83-AA97600444C4}.Debug|Any CPU.Build.0 = Debug|Any CPU
		{B608B7F4-2651-48C5-8F83-AA97600444C4}.Release|Any CPU.ActiveCfg = Release|Any CPU
		{B608B7F4-2651-48C5-8F83-AA97600444C4}.Release|Any CPU.Build.0 = Release|Any CPU
	EndGlobalSection
	GlobalSection(SolutionProperties) = preSolution
		HideSolutionNode = FALSE
	EndGlobalSection
	GlobalSection(ExtensibilityGlobals) = postSolution
		SolutionGuid = {C848F477-9CA2-42AB-935F-E3AF3180CDB3}
	EndGlobalSection
EndGlobal
