
Microsoft Visual Studio Solution File, Format Version 12.00
# Visual Studio Version 16
VisualStudioVersion = 16.0.30413.136
MinimumVisualStudioVersion = 10.0.40219.1
Project("{9A19103F-16F7-4668-BE54-9A1E7A4F7556}") = "I - RavenClient", "I - RavenClient\I - RavenClient.csproj", "{2865D588-90A9-41C8-85BE-484573A02517}"
EndProject
Project("{9A19103F-16F7-4668-BE54-9A1E7A4F7556}") = "II - DocumentStoreInstanceSingleton", "II - DocumentStoreInstanceSingleton\II - DocumentStoreInstanceSingleton.csproj", "{13C77384-4710-4729-A3A8-4B115EB239C3}"
EndProject
Project("{9A19103F-16F7-4668-BE54-9A1E7A4F7556}") = "III - BasicContactsCRUD", "III - BasicContactsCRUD\III - BasicContactsCRUD.csproj", "{693CD917-A0EB-4C4D-9550-154D0705B907}"
EndProject
Project("{9A19103F-16F7-4668-BE54-9A1E7A4F7556}") = "IV - Indexes", "IV - Indexes\IV - Indexes.csproj", "{19671FF7-8248-43F3-BD08-D31882BBD900}"
EndProject
Project("{9A19103F-16F7-4668-BE54-9A1E7A4F7556}") = "V - CreatingARavenIndexWithCSharp", "V - CreatingARavenIndexWithCSharp\V - CreatingARavenIndexWithCSharp.csproj", "{3EC0F43A-6F18-4E29-B340-A0A087C22199}"
EndProject
Project("{9A19103F-16F7-4668-BE54-9A1E7A4F7556}") = "VI - MapReduce", "VI - MapReduce\VI - MapReduce.csproj", "{A19E20EC-15AE-46FA-A812-6BEFAC3D8749}"
EndProject
Project("{9A19103F-16F7-4668-BE54-9A1E7A4F7556}") = "VII - Metadata", "VII - Metadata\VII - Metadata.csproj", "{A6787A38-4E14-4738-970A-8EDD19F142B6}"
EndProject
Project("{9A19103F-16F7-4668-BE54-9A1E7A4F7556}") = "VIII - PatchCommand", "VIII - PatchCommand\VIII - PatchCommand.csproj", "{3E127B91-8A43-43EB-BE73-97F9EE4C1B55}"
EndProject
Project("{9A19103F-16F7-4668-BE54-9A1E7A4F7556}") = "IX - BasicsOfChangesAPI", "IX - BasicsOfChangesAPI\IX - BasicsOfChangesAPI.csproj", "{EB5BC5CF-FEA7-475C-9E01-9D2BC4ECA615}"
EndProject
Project("{9A19103F-16F7-4668-BE54-9A1E7A4F7556}") = "XI - BatchOperationsWithRavenDB", "X - BatchOperationsWithRavenDB\XI - BatchOperationsWithRavenDB.csproj", "{02E3099E-FE2D-4FEF-8293-EF3F0AD20C68}"
EndProject
Global
	GlobalSection(SolutionConfigurationPlatforms) = preSolution
		Debug|Any CPU = Debug|Any CPU
		Release|Any CPU = Release|Any CPU
	EndGlobalSection
	GlobalSection(ProjectConfigurationPlatforms) = postSolution
		{2865D588-90A9-41C8-85BE-484573A02517}.Debug|Any CPU.ActiveCfg = Debug|Any CPU
		{2865D588-90A9-41C8-85BE-484573A02517}.Debug|Any CPU.Build.0 = Debug|Any CPU
		{2865D588-90A9-41C8-85BE-484573A02517}.Release|Any CPU.ActiveCfg = Release|Any CPU
		{2865D588-90A9-41C8-85BE-484573A02517}.Release|Any CPU.Build.0 = Release|Any CPU
		{13C77384-4710-4729-A3A8-4B115EB239C3}.Debug|Any CPU.ActiveCfg = Debug|Any CPU
		{13C77384-4710-4729-A3A8-4B115EB239C3}.Debug|Any CPU.Build.0 = Debug|Any CPU
		{13C77384-4710-4729-A3A8-4B115EB239C3}.Release|Any CPU.ActiveCfg = Release|Any CPU
		{13C77384-4710-4729-A3A8-4B115EB239C3}.Release|Any CPU.Build.0 = Release|Any CPU
		{693CD917-A0EB-4C4D-9550-154D0705B907}.Debug|Any CPU.ActiveCfg = Debug|Any CPU
		{693CD917-A0EB-4C4D-9550-154D0705B907}.Debug|Any CPU.Build.0 = Debug|Any CPU
		{693CD917-A0EB-4C4D-9550-154D0705B907}.Release|Any CPU.ActiveCfg = Release|Any CPU
		{693CD917-A0EB-4C4D-9550-154D0705B907}.Release|Any CPU.Build.0 = Release|Any CPU
		{19671FF7-8248-43F3-BD08-D31882BBD900}.Debug|Any CPU.ActiveCfg = Debug|Any CPU
		{19671FF7-8248-43F3-BD08-D31882BBD900}.Debug|Any CPU.Build.0 = Debug|Any CPU
		{19671FF7-8248-43F3-BD08-D31882BBD900}.Release|Any CPU.ActiveCfg = Release|Any CPU
		{19671FF7-8248-43F3-BD08-D31882BBD900}.Release|Any CPU.Build.0 = Release|Any CPU
		{3EC0F43A-6F18-4E29-B340-A0A087C22199}.Debug|Any CPU.ActiveCfg = Debug|Any CPU
		{3EC0F43A-6F18-4E29-B340-A0A087C22199}.Debug|Any CPU.Build.0 = Debug|Any CPU
		{3EC0F43A-6F18-4E29-B340-A0A087C22199}.Release|Any CPU.ActiveCfg = Release|Any CPU
		{3EC0F43A-6F18-4E29-B340-A0A087C22199}.Release|Any CPU.Build.0 = Release|Any CPU
		{A19E20EC-15AE-46FA-A812-6BEFAC3D8749}.Debug|Any CPU.ActiveCfg = Debug|Any CPU
		{A19E20EC-15AE-46FA-A812-6BEFAC3D8749}.Debug|Any CPU.Build.0 = Debug|Any CPU
		{A19E20EC-15AE-46FA-A812-6BEFAC3D8749}.Release|Any CPU.ActiveCfg = Release|Any CPU
		{A19E20EC-15AE-46FA-A812-6BEFAC3D8749}.Release|Any CPU.Build.0 = Release|Any CPU
		{A6787A38-4E14-4738-970A-8EDD19F142B6}.Debug|Any CPU.ActiveCfg = Debug|Any CPU
		{A6787A38-4E14-4738-970A-8EDD19F142B6}.Debug|Any CPU.Build.0 = Debug|Any CPU
		{A6787A38-4E14-4738-970A-8EDD19F142B6}.Release|Any CPU.ActiveCfg = Release|Any CPU
		{A6787A38-4E14-4738-970A-8EDD19F142B6}.Release|Any CPU.Build.0 = Release|Any CPU
		{3E127B91-8A43-43EB-BE73-97F9EE4C1B55}.Debug|Any CPU.ActiveCfg = Debug|Any CPU
		{3E127B91-8A43-43EB-BE73-97F9EE4C1B55}.Debug|Any CPU.Build.0 = Debug|Any CPU
		{3E127B91-8A43-43EB-BE73-97F9EE4C1B55}.Release|Any CPU.ActiveCfg = Release|Any CPU
		{3E127B91-8A43-43EB-BE73-97F9EE4C1B55}.Release|Any CPU.Build.0 = Release|Any CPU
		{EB5BC5CF-FEA7-475C-9E01-9D2BC4ECA615}.Debug|Any CPU.ActiveCfg = Debug|Any CPU
		{EB5BC5CF-FEA7-475C-9E01-9D2BC4ECA615}.Debug|Any CPU.Build.0 = Debug|Any CPU
		{EB5BC5CF-FEA7-475C-9E01-9D2BC4ECA615}.Release|Any CPU.ActiveCfg = Release|Any CPU
		{EB5BC5CF-FEA7-475C-9E01-9D2BC4ECA615}.Release|Any CPU.Build.0 = Release|Any CPU
		{02E3099E-FE2D-4FEF-8293-EF3F0AD20C68}.Debug|Any CPU.ActiveCfg = Debug|Any CPU
		{02E3099E-FE2D-4FEF-8293-EF3F0AD20C68}.Debug|Any CPU.Build.0 = Debug|Any CPU
		{02E3099E-FE2D-4FEF-8293-EF3F0AD20C68}.Release|Any CPU.ActiveCfg = Release|Any CPU
		{02E3099E-FE2D-4FEF-8293-EF3F0AD20C68}.Release|Any CPU.Build.0 = Release|Any CPU
	EndGlobalSection
	GlobalSection(SolutionProperties) = preSolution
		HideSolutionNode = FALSE
	EndGlobalSection
	GlobalSection(ExtensibilityGlobals) = postSolution
		SolutionGuid = {EC60FD39-39D0-470D-8394-55870BDAABFF}
	EndGlobalSection
EndGlobal
