
Microsoft Visual Studio Solution File, Format Version 12.00
# Visual Studio Version 16
VisualStudioVersion = 16.0.30413.136
MinimumVisualStudioVersion = 10.0.40219.1
Project("{9A19103F-16F7-4668-BE54-9A1E7A4F7556}") = "I - RavenClient", "I - RavenClient\I - RavenClient.csproj", "{2865D588-90A9-41C8-85BE-484573A02517}"
EndProject
Project("{9A19103F-16F7-4668-BE54-9A1E7A4F7556}") = "II - DocumentStoreInstanceSingleton", "II - DocumentStoreInstanceSingleton\II - DocumentStoreInstanceSingleton.csproj", "{13C77384-4710-4729-A3A8-4B115EB239C3}"
EndProject
Project("{9A19103F-16F7-4668-BE54-9A1E7A4F7556}") = "III - BasicContactsCRUD", "III - BasicContactsCRUD\III - BasicContactsCRUD.csproj", "{693CD917-A0EB-4C4D-9550-154D0705B907}"
EndProject
Global
	GlobalSection(SolutionConfigurationPlatforms) = preSolution
		Debug|Any CPU = Debug|Any CPU
		Release|Any CPU = Release|Any CPU
	EndGlobalSection
	GlobalSection(ProjectConfigurationPlatforms) = postSolution
		{2865D588-90A9-41C8-85BE-484573A02517}.Debug|Any CPU.ActiveCfg = Debug|Any CPU
		{2865D588-90A9-41C8-85BE-484573A02517}.Debug|Any CPU.Build.0 = Debug|Any CPU
		{2865D588-90A9-41C8-85BE-484573A02517}.Release|Any CPU.ActiveCfg = Release|Any CPU
		{2865D588-90A9-41C8-85BE-484573A02517}.Release|Any CPU.Build.0 = Release|Any CPU
		{13C77384-4710-4729-A3A8-4B115EB239C3}.Debug|Any CPU.ActiveCfg = Debug|Any CPU
		{13C77384-4710-4729-A3A8-4B115EB239C3}.Debug|Any CPU.Build.0 = Debug|Any CPU
		{13C77384-4710-4729-A3A8-4B115EB239C3}.Release|Any CPU.ActiveCfg = Release|Any CPU
		{13C77384-4710-4729-A3A8-4B115EB239C3}.Release|Any CPU.Build.0 = Release|Any CPU
		{693CD917-A0EB-4C4D-9550-154D0705B907}.Debug|Any CPU.ActiveCfg = Debug|Any CPU
		{693CD917-A0EB-4C4D-9550-154D0705B907}.Debug|Any CPU.Build.0 = Debug|Any CPU
		{693CD917-A0EB-4C4D-9550-154D0705B907}.Release|Any CPU.ActiveCfg = Release|Any CPU
		{693CD917-A0EB-4C4D-9550-154D0705B907}.Release|Any CPU.Build.0 = Release|Any CPU
	EndGlobalSection
	GlobalSection(SolutionProperties) = preSolution
		HideSolutionNode = FALSE
	EndGlobalSection
	GlobalSection(ExtensibilityGlobals) = postSolution
		SolutionGuid = {EC60FD39-39D0-470D-8394-55870BDAABFF}
	EndGlobalSection
EndGlobal
